
Microsoft Visual Studio Solution File, Format Version 12.00
# Visual Studio 15
VisualStudioVersion = 15.0.26124.0
MinimumVisualStudioVersion = 15.0.26124.0
Project("{FAE04EC0-301F-11D3-BF4B-00C04F79EFBC}") = "Hawk.API", "Hawk.API\Hawk.API.csproj", "{A26AED2F-1474-437D-BD48-BFEE7E219724}"
EndProject
Project("{FAE04EC0-301F-11D3-BF4B-00C04F79EFBC}") = "Hawk.Repository", "Hawk.Repository\Hawk.Repository.csproj", "{32172F6D-5A9E-4F31-B04D-781BA359824F}"
EndProject
Project("{FAE04EC0-301F-11D3-BF4B-00C04F79EFBC}") = "Hawk.Domain", "Hawk.Domain\Hawk.Domain.csproj", "{BC06A79F-C6FC-4FBB-ACEE-0FA31B137CA2}"
EndProject
Global
	GlobalSection(SolutionConfigurationPlatforms) = preSolution
		Debug|Any CPU = Debug|Any CPU
		Debug|x64 = Debug|x64
		Debug|x86 = Debug|x86
		Release|Any CPU = Release|Any CPU
		Release|x64 = Release|x64
		Release|x86 = Release|x86
	EndGlobalSection
	GlobalSection(SolutionProperties) = preSolution
		HideSolutionNode = FALSE
	EndGlobalSection
	GlobalSection(ProjectConfigurationPlatforms) = postSolution
		{A26AED2F-1474-437D-BD48-BFEE7E219724}.Debug|Any CPU.ActiveCfg = Debug|Any CPU
		{A26AED2F-1474-437D-BD48-BFEE7E219724}.Debug|Any CPU.Build.0 = Debug|Any CPU
		{A26AED2F-1474-437D-BD48-BFEE7E219724}.Debug|x64.ActiveCfg = Debug|Any CPU
		{A26AED2F-1474-437D-BD48-BFEE7E219724}.Debug|x64.Build.0 = Debug|Any CPU
		{A26AED2F-1474-437D-BD48-BFEE7E219724}.Debug|x86.ActiveCfg = Debug|Any CPU
		{A26AED2F-1474-437D-BD48-BFEE7E219724}.Debug|x86.Build.0 = Debug|Any CPU
		{A26AED2F-1474-437D-BD48-BFEE7E219724}.Release|Any CPU.ActiveCfg = Release|Any CPU
		{A26AED2F-1474-437D-BD48-BFEE7E219724}.Release|Any CPU.Build.0 = Release|Any CPU
		{A26AED2F-1474-437D-BD48-BFEE7E219724}.Release|x64.ActiveCfg = Release|Any CPU
		{A26AED2F-1474-437D-BD48-BFEE7E219724}.Release|x64.Build.0 = Release|Any CPU
		{A26AED2F-1474-437D-BD48-BFEE7E219724}.Release|x86.ActiveCfg = Release|Any CPU
		{A26AED2F-1474-437D-BD48-BFEE7E219724}.Release|x86.Build.0 = Release|Any CPU
		{32172F6D-5A9E-4F31-B04D-781BA359824F}.Debug|Any CPU.ActiveCfg = Debug|Any CPU
		{32172F6D-5A9E-4F31-B04D-781BA359824F}.Debug|Any CPU.Build.0 = Debug|Any CPU
		{32172F6D-5A9E-4F31-B04D-781BA359824F}.Debug|x64.ActiveCfg = Debug|Any CPU
		{32172F6D-5A9E-4F31-B04D-781BA359824F}.Debug|x64.Build.0 = Debug|Any CPU
		{32172F6D-5A9E-4F31-B04D-781BA359824F}.Debug|x86.ActiveCfg = Debug|Any CPU
		{32172F6D-5A9E-4F31-B04D-781BA359824F}.Debug|x86.Build.0 = Debug|Any CPU
		{32172F6D-5A9E-4F31-B04D-781BA359824F}.Release|Any CPU.ActiveCfg = Release|Any CPU
		{32172F6D-5A9E-4F31-B04D-781BA359824F}.Release|Any CPU.Build.0 = Release|Any CPU
		{32172F6D-5A9E-4F31-B04D-781BA359824F}.Release|x64.ActiveCfg = Release|Any CPU
		{32172F6D-5A9E-4F31-B04D-781BA359824F}.Release|x64.Build.0 = Release|Any CPU
		{32172F6D-5A9E-4F31-B04D-781BA359824F}.Release|x86.ActiveCfg = Release|Any CPU
		{32172F6D-5A9E-4F31-B04D-781BA359824F}.Release|x86.Build.0 = Release|Any CPU
		{BC06A79F-C6FC-4FBB-ACEE-0FA31B137CA2}.Debug|Any CPU.ActiveCfg = Debug|Any CPU
		{BC06A79F-C6FC-4FBB-ACEE-0FA31B137CA2}.Debug|Any CPU.Build.0 = Debug|Any CPU
		{BC06A79F-C6FC-4FBB-ACEE-0FA31B137CA2}.Debug|x64.ActiveCfg = Debug|Any CPU
		{BC06A79F-C6FC-4FBB-ACEE-0FA31B137CA2}.Debug|x64.Build.0 = Debug|Any CPU
		{BC06A79F-C6FC-4FBB-ACEE-0FA31B137CA2}.Debug|x86.ActiveCfg = Debug|Any CPU
		{BC06A79F-C6FC-4FBB-ACEE-0FA31B137CA2}.Debug|x86.Build.0 = Debug|Any CPU
		{BC06A79F-C6FC-4FBB-ACEE-0FA31B137CA2}.Release|Any CPU.ActiveCfg = Release|Any CPU
		{BC06A79F-C6FC-4FBB-ACEE-0FA31B137CA2}.Release|Any CPU.Build.0 = Release|Any CPU
		{BC06A79F-C6FC-4FBB-ACEE-0FA31B137CA2}.Release|x64.ActiveCfg = Release|Any CPU
		{BC06A79F-C6FC-4FBB-ACEE-0FA31B137CA2}.Release|x64.Build.0 = Release|Any CPU
		{BC06A79F-C6FC-4FBB-ACEE-0FA31B137CA2}.Release|x86.ActiveCfg = Release|Any CPU
		{BC06A79F-C6FC-4FBB-ACEE-0FA31B137CA2}.Release|x86.Build.0 = Release|Any CPU
	EndGlobalSection
EndGlobal
